
Microsoft Visual Studio Solution File, Format Version 12.00
# Visual Studio Version 16
VisualStudioVersion = 25.0.1706.11
MinimumVisualStudioVersion = 10.0.40219.1
Project("{FAE04EC0-301F-11D3-BF4B-00C04F79EFBC}") = "tpmodul8_1302220126", "tpmodul8_1302220126\tpmodul8_1302220126.csproj", "{63F0918F-587D-4239-A7D5-21CF823E45A2}"
EndProject
Global
	GlobalSection(SolutionConfigurationPlatforms) = preSolution
		Debug|Any CPU = Debug|Any CPU
		Release|Any CPU = Release|Any CPU
	EndGlobalSection
	GlobalSection(ProjectConfigurationPlatforms) = postSolution
		{63F0918F-587D-4239-A7D5-21CF823E45A2}.Debug|Any CPU.ActiveCfg = Debug|Any CPU
		{63F0918F-587D-4239-A7D5-21CF823E45A2}.Debug|Any CPU.Build.0 = Debug|Any CPU
		{63F0918F-587D-4239-A7D5-21CF823E45A2}.Release|Any CPU.ActiveCfg = Release|Any CPU
		{63F0918F-587D-4239-A7D5-21CF823E45A2}.Release|Any CPU.Build.0 = Release|Any CPU
	EndGlobalSection
	GlobalSection(SolutionProperties) = preSolution
		HideSolutionNode = FALSE
	EndGlobalSection
	GlobalSection(ExtensibilityGlobals) = postSolution
		SolutionGuid = {31A68914-B654-4B03-8FD4-374F4EFF32A9}
	EndGlobalSection
EndGlobal
